// !$*UTF8*$!
{
	archiveVersion = 1;
	classes = {
	};
	objectVersion = 50;
	objects = {

/* Begin PBXBuildFile section */
		3FDA9AF7B9F5436929404841 /* Pods_Instagram_InstagramUITests.framework in Frameworks */ = {isa = PBXBuildFile; fileRef = 3BB75BB944FCF8852A8AF04C /* Pods_Instagram_InstagramUITests.framework */; };
		68BD71B34305343A20B5E9DA /* Pods_Instagram_InstagramTests.framework in Frameworks */ = {isa = PBXBuildFile; fileRef = 2EE269696CA60C4D069ABA67 /* Pods_Instagram_InstagramTests.framework */; };
		C244D506215BDEB400141F6E /* AppDelegate.swift in Sources */ = {isa = PBXBuildFile; fileRef = C244D505215BDEB400141F6E /* AppDelegate.swift */; };
		C244D508215BDEB400141F6E /* ViewController.swift in Sources */ = {isa = PBXBuildFile; fileRef = C244D507215BDEB400141F6E /* ViewController.swift */; };
		C244D50B215BDEB400141F6E /* Main.storyboard in Resources */ = {isa = PBXBuildFile; fileRef = C244D509215BDEB400141F6E /* Main.storyboard */; };
		C244D50D215BDEB500141F6E /* Assets.xcassets in Resources */ = {isa = PBXBuildFile; fileRef = C244D50C215BDEB500141F6E /* Assets.xcassets */; };
		C244D510215BDEB500141F6E /* LaunchScreen.storyboard in Resources */ = {isa = PBXBuildFile; fileRef = C244D50E215BDEB500141F6E /* LaunchScreen.storyboard */; };
		C244D51B215BDEB500141F6E /* InstagramTests.swift in Sources */ = {isa = PBXBuildFile; fileRef = C244D51A215BDEB500141F6E /* InstagramTests.swift */; };
		C244D526215BDEB500141F6E /* InstagramUITests.swift in Sources */ = {isa = PBXBuildFile; fileRef = C244D525215BDEB500141F6E /* InstagramUITests.swift */; };
		C244D536215BEC1A00141F6E /* LoginViewController.swift in Sources */ = {isa = PBXBuildFile; fileRef = C244D535215BEC1A00141F6E /* LoginViewController.swift */; };
		C2E84E8E21615EF80063BE73 /* FeedViewController.swift in Sources */ = {isa = PBXBuildFile; fileRef = C2E84E8D21615EF80063BE73 /* FeedViewController.swift */; };
		F63F824E4283609B23F46205 /* Pods_Instagram.framework in Frameworks */ = {isa = PBXBuildFile; fileRef = C02D388CBF6A8D612F3DADFF /* Pods_Instagram.framework */; };
/* End PBXBuildFile section */

/* Begin PBXContainerItemProxy section */
		C244D517215BDEB500141F6E /* PBXContainerItemProxy */ = {
			isa = PBXContainerItemProxy;
			containerPortal = C244D4FA215BDEB400141F6E /* Project object */;
			proxyType = 1;
			remoteGlobalIDString = C244D501215BDEB400141F6E;
			remoteInfo = Instagram;
		};
		C244D522215BDEB500141F6E /* PBXContainerItemProxy */ = {
			isa = PBXContainerItemProxy;
			containerPortal = C244D4FA215BDEB400141F6E /* Project object */;
			proxyType = 1;
			remoteGlobalIDString = C244D501215BDEB400141F6E;
			remoteInfo = Instagram;
		};
/* End PBXContainerItemProxy section */

/* Begin PBXFileReference section */
		2EE269696CA60C4D069ABA67 /* Pods_Instagram_InstagramTests.framework */ = {isa = PBXFileReference; explicitFileType = wrapper.framework; includeInIndex = 0; path = Pods_Instagram_InstagramTests.framework; sourceTree = BUILT_PRODUCTS_DIR; };
		3BB75BB944FCF8852A8AF04C /* Pods_Instagram_InstagramUITests.framework */ = {isa = PBXFileReference; explicitFileType = wrapper.framework; includeInIndex = 0; path = Pods_Instagram_InstagramUITests.framework; sourceTree = BUILT_PRODUCTS_DIR; };
		70F67379A8F225EBB6CDD7EC /* Pods-Instagram-InstagramUITests.release.xcconfig */ = {isa = PBXFileReference; includeInIndex = 1; lastKnownFileType = text.xcconfig; name = "Pods-Instagram-InstagramUITests.release.xcconfig"; path = "Pods/Target Support Files/Pods-Instagram-InstagramUITests/Pods-Instagram-InstagramUITests.release.xcconfig"; sourceTree = "<group>"; };
		73E8C9342636AAC5C92598B7 /* Pods-Instagram.debug.xcconfig */ = {isa = PBXFileReference; includeInIndex = 1; lastKnownFileType = text.xcconfig; name = "Pods-Instagram.debug.xcconfig"; path = "Pods/Target Support Files/Pods-Instagram/Pods-Instagram.debug.xcconfig"; sourceTree = "<group>"; };
		C02D388CBF6A8D612F3DADFF /* Pods_Instagram.framework */ = {isa = PBXFileReference; explicitFileType = wrapper.framework; includeInIndex = 0; path = Pods_Instagram.framework; sourceTree = BUILT_PRODUCTS_DIR; };
		C244D502215BDEB400141F6E /* Instagram.app */ = {isa = PBXFileReference; explicitFileType = wrapper.application; includeInIndex = 0; path = Instagram.app; sourceTree = BUILT_PRODUCTS_DIR; };
		C244D505215BDEB400141F6E /* AppDelegate.swift */ = {isa = PBXFileReference; lastKnownFileType = sourcecode.swift; path = AppDelegate.swift; sourceTree = "<group>"; };
		C244D507215BDEB400141F6E /* ViewController.swift */ = {isa = PBXFileReference; lastKnownFileType = sourcecode.swift; path = ViewController.swift; sourceTree = "<group>"; };
		C244D50A215BDEB400141F6E /* Base */ = {isa = PBXFileReference; lastKnownFileType = file.storyboard; name = Base; path = Base.lproj/Main.storyboard; sourceTree = "<group>"; };
		C244D50C215BDEB500141F6E /* Assets.xcassets */ = {isa = PBXFileReference; lastKnownFileType = folder.assetcatalog; path = Assets.xcassets; sourceTree = "<group>"; };
		C244D50F215BDEB500141F6E /* Base */ = {isa = PBXFileReference; lastKnownFileType = file.storyboard; name = Base; path = Base.lproj/LaunchScreen.storyboard; sourceTree = "<group>"; };
		C244D511215BDEB500141F6E /* Info.plist */ = {isa = PBXFileReference; lastKnownFileType = text.plist.xml; path = Info.plist; sourceTree = "<group>"; };
		C244D516215BDEB500141F6E /* InstagramTests.xctest */ = {isa = PBXFileReference; explicitFileType = wrapper.cfbundle; includeInIndex = 0; path = InstagramTests.xctest; sourceTree = BUILT_PRODUCTS_DIR; };
		C244D51A215BDEB500141F6E /* InstagramTests.swift */ = {isa = PBXFileReference; lastKnownFileType = sourcecode.swift; path = InstagramTests.swift; sourceTree = "<group>"; };
		C244D51C215BDEB500141F6E /* Info.plist */ = {isa = PBXFileReference; lastKnownFileType = text.plist.xml; path = Info.plist; sourceTree = "<group>"; };
		C244D521215BDEB500141F6E /* InstagramUITests.xctest */ = {isa = PBXFileReference; explicitFileType = wrapper.cfbundle; includeInIndex = 0; path = InstagramUITests.xctest; sourceTree = BUILT_PRODUCTS_DIR; };
		C244D525215BDEB500141F6E /* InstagramUITests.swift */ = {isa = PBXFileReference; lastKnownFileType = sourcecode.swift; path = InstagramUITests.swift; sourceTree = "<group>"; };
		C244D527215BDEB500141F6E /* Info.plist */ = {isa = PBXFileReference; lastKnownFileType = text.plist.xml; path = Info.plist; sourceTree = "<group>"; };
		C244D535215BEC1A00141F6E /* LoginViewController.swift */ = {isa = PBXFileReference; lastKnownFileType = sourcecode.swift; path = LoginViewController.swift; sourceTree = "<group>"; };
		C2E84E8D21615EF80063BE73 /* FeedViewController.swift */ = {isa = PBXFileReference; lastKnownFileType = sourcecode.swift; path = FeedViewController.swift; sourceTree = "<group>"; };
		C399C90E6E179B571EDD93AF /* Pods-Instagram-InstagramUITests.debug.xcconfig */ = {isa = PBXFileReference; includeInIndex = 1; lastKnownFileType = text.xcconfig; name = "Pods-Instagram-InstagramUITests.debug.xcconfig"; path = "Pods/Target Support Files/Pods-Instagram-InstagramUITests/Pods-Instagram-InstagramUITests.debug.xcconfig"; sourceTree = "<group>"; };
		CC1EC540A4E27C44E2A5CC5E /* Pods-Instagram-InstagramTests.debug.xcconfig */ = {isa = PBXFileReference; includeInIndex = 1; lastKnownFileType = text.xcconfig; name = "Pods-Instagram-InstagramTests.debug.xcconfig"; path = "Pods/Target Support Files/Pods-Instagram-InstagramTests/Pods-Instagram-InstagramTests.debug.xcconfig"; sourceTree = "<group>"; };
		D1F365C4B83879ABC7E6F739 /* Pods-Instagram.release.xcconfig */ = {isa = PBXFileReference; includeInIndex = 1; lastKnownFileType = text.xcconfig; name = "Pods-Instagram.release.xcconfig"; path = "Pods/Target Support Files/Pods-Instagram/Pods-Instagram.release.xcconfig"; sourceTree = "<group>"; };
		EE1C98DB1E2656B371A031B7 /* Pods-Instagram-InstagramTests.release.xcconfig */ = {isa = PBXFileReference; includeInIndex = 1; lastKnownFileType = text.xcconfig; name = "Pods-Instagram-InstagramTests.release.xcconfig"; path = "Pods/Target Support Files/Pods-Instagram-InstagramTests/Pods-Instagram-InstagramTests.release.xcconfig"; sourceTree = "<group>"; };
/* End PBXFileReference section */

/* Begin PBXFrameworksBuildPhase section */
		C244D4FF215BDEB400141F6E /* Frameworks */ = {
			isa = PBXFrameworksBuildPhase;
			buildActionMask = 2147483647;
			files = (
				F63F824E4283609B23F46205 /* Pods_Instagram.framework in Frameworks */,
			);
			runOnlyForDeploymentPostprocessing = 0;
		};
		C244D513215BDEB500141F6E /* Frameworks */ = {
			isa = PBXFrameworksBuildPhase;
			buildActionMask = 2147483647;
			files = (
				68BD71B34305343A20B5E9DA /* Pods_Instagram_InstagramTests.framework in Frameworks */,
			);
			runOnlyForDeploymentPostprocessing = 0;
		};
		C244D51E215BDEB500141F6E /* Frameworks */ = {
			isa = PBXFrameworksBuildPhase;
			buildActionMask = 2147483647;
			files = (
				3FDA9AF7B9F5436929404841 /* Pods_Instagram_InstagramUITests.framework in Frameworks */,
			);
			runOnlyForDeploymentPostprocessing = 0;
		};
/* End PBXFrameworksBuildPhase section */

/* Begin PBXGroup section */
		220A27246EE4C858A79E6F0D /* Pods */ = {
			isa = PBXGroup;
			children = (
				73E8C9342636AAC5C92598B7 /* Pods-Instagram.debug.xcconfig */,
				D1F365C4B83879ABC7E6F739 /* Pods-Instagram.release.xcconfig */,
				CC1EC540A4E27C44E2A5CC5E /* Pods-Instagram-InstagramTests.debug.xcconfig */,
				EE1C98DB1E2656B371A031B7 /* Pods-Instagram-InstagramTests.release.xcconfig */,
				C399C90E6E179B571EDD93AF /* Pods-Instagram-InstagramUITests.debug.xcconfig */,
				70F67379A8F225EBB6CDD7EC /* Pods-Instagram-InstagramUITests.release.xcconfig */,
			);
			name = Pods;
			sourceTree = "<group>";
		};
		2D79B43547A8C16ACDEDEF2D /* Frameworks */ = {
			isa = PBXGroup;
			children = (
				C02D388CBF6A8D612F3DADFF /* Pods_Instagram.framework */,
				2EE269696CA60C4D069ABA67 /* Pods_Instagram_InstagramTests.framework */,
				3BB75BB944FCF8852A8AF04C /* Pods_Instagram_InstagramUITests.framework */,
			);
			name = Frameworks;
			sourceTree = "<group>";
		};
		C244D4F9215BDEB400141F6E = {
			isa = PBXGroup;
			children = (
				C244D504215BDEB400141F6E /* Instagram */,
				C244D519215BDEB500141F6E /* InstagramTests */,
				C244D524215BDEB500141F6E /* InstagramUITests */,
				C244D503215BDEB400141F6E /* Products */,
				220A27246EE4C858A79E6F0D /* Pods */,
				2D79B43547A8C16ACDEDEF2D /* Frameworks */,
			);
			sourceTree = "<group>";
		};
		C244D503215BDEB400141F6E /* Products */ = {
			isa = PBXGroup;
			children = (
				C244D502215BDEB400141F6E /* Instagram.app */,
				C244D516215BDEB500141F6E /* InstagramTests.xctest */,
				C244D521215BDEB500141F6E /* InstagramUITests.xctest */,
			);
			name = Products;
			sourceTree = "<group>";
		};
		C244D504215BDEB400141F6E /* Instagram */ = {
			isa = PBXGroup;
			children = (
				C244D505215BDEB400141F6E /* AppDelegate.swift */,
				C244D507215BDEB400141F6E /* ViewController.swift */,
				C244D509215BDEB400141F6E /* Main.storyboard */,
				C244D50C215BDEB500141F6E /* Assets.xcassets */,
				C244D50E215BDEB500141F6E /* LaunchScreen.storyboard */,
				C244D511215BDEB500141F6E /* Info.plist */,
				C244D535215BEC1A00141F6E /* LoginViewController.swift */,
				C2E84E8D21615EF80063BE73 /* FeedViewController.swift */,
			);
			path = Instagram;
			sourceTree = "<group>";
		};
		C244D519215BDEB500141F6E /* InstagramTests */ = {
			isa = PBXGroup;
			children = (
				C244D51A215BDEB500141F6E /* InstagramTests.swift */,
				C244D51C215BDEB500141F6E /* Info.plist */,
			);
			path = InstagramTests;
			sourceTree = "<group>";
		};
		C244D524215BDEB500141F6E /* InstagramUITests */ = {
			isa = PBXGroup;
			children = (
				C244D525215BDEB500141F6E /* InstagramUITests.swift */,
				C244D527215BDEB500141F6E /* Info.plist */,
			);
			path = InstagramUITests;
			sourceTree = "<group>";
		};
/* End PBXGroup section */

/* Begin PBXNativeTarget section */
		C244D501215BDEB400141F6E /* Instagram */ = {
			isa = PBXNativeTarget;
			buildConfigurationList = C244D52A215BDEB500141F6E /* Build configuration list for PBXNativeTarget "Instagram" */;
			buildPhases = (
				0BE3D43E50E4309DCED3D80C /* [CP] Check Pods Manifest.lock */,
				C244D4FE215BDEB400141F6E /* Sources */,
				C244D4FF215BDEB400141F6E /* Frameworks */,
				C244D500215BDEB400141F6E /* Resources */,
				5CD39BB280596CB5FC9CEDAE /* [CP] Embed Pods Frameworks */,
			);
			buildRules = (
			);
			dependencies = (
			);
			name = Instagram;
			productName = Instagram;
			productReference = C244D502215BDEB400141F6E /* Instagram.app */;
			productType = "com.apple.product-type.application";
		};
		C244D515215BDEB500141F6E /* InstagramTests */ = {
			isa = PBXNativeTarget;
			buildConfigurationList = C244D52D215BDEB500141F6E /* Build configuration list for PBXNativeTarget "InstagramTests" */;
			buildPhases = (
				E64B272E5C42632E98BA66DB /* [CP] Check Pods Manifest.lock */,
				C244D512215BDEB500141F6E /* Sources */,
				C244D513215BDEB500141F6E /* Frameworks */,
				C244D514215BDEB500141F6E /* Resources */,
				A954C492B4315F235DD7DBDF /* [CP] Embed Pods Frameworks */,
			);
			buildRules = (
			);
			dependencies = (
				C244D518215BDEB500141F6E /* PBXTargetDependency */,
			);
			name = InstagramTests;
			productName = InstagramTests;
			productReference = C244D516215BDEB500141F6E /* InstagramTests.xctest */;
			productType = "com.apple.product-type.bundle.unit-test";
		};
		C244D520215BDEB500141F6E /* InstagramUITests */ = {
			isa = PBXNativeTarget;
			buildConfigurationList = C244D530215BDEB500141F6E /* Build configuration list for PBXNativeTarget "InstagramUITests" */;
			buildPhases = (
				D19D8DD502DBA2BB6EC521C0 /* [CP] Check Pods Manifest.lock */,
				C244D51D215BDEB500141F6E /* Sources */,
				C244D51E215BDEB500141F6E /* Frameworks */,
				C244D51F215BDEB500141F6E /* Resources */,
				1505AB067D8E9E38818A1615 /* [CP] Embed Pods Frameworks */,
			);
			buildRules = (
			);
			dependencies = (
				C244D523215BDEB500141F6E /* PBXTargetDependency */,
			);
			name = InstagramUITests;
			productName = InstagramUITests;
			productReference = C244D521215BDEB500141F6E /* InstagramUITests.xctest */;
			productType = "com.apple.product-type.bundle.ui-testing";
		};
/* End PBXNativeTarget section */

/* Begin PBXProject section */
		C244D4FA215BDEB400141F6E /* Project object */ = {
			isa = PBXProject;
			attributes = {
				LastSwiftUpdateCheck = 0940;
				LastUpgradeCheck = 0940;
				ORGANIZATIONNAME = "Raeleen Watson";
				TargetAttributes = {
					C244D501215BDEB400141F6E = {
						CreatedOnToolsVersion = 9.4.1;
					};
					C244D515215BDEB500141F6E = {
						CreatedOnToolsVersion = 9.4.1;
						TestTargetID = C244D501215BDEB400141F6E;
					};
					C244D520215BDEB500141F6E = {
						CreatedOnToolsVersion = 9.4.1;
						TestTargetID = C244D501215BDEB400141F6E;
					};
				};
			};
			buildConfigurationList = C244D4FD215BDEB400141F6E /* Build configuration list for PBXProject "Instagram" */;
			compatibilityVersion = "Xcode 9.3";
			developmentRegion = en;
			hasScannedForEncodings = 0;
			knownRegions = (
				en,
				Base,
			);
			mainGroup = C244D4F9215BDEB400141F6E;
			productRefGroup = C244D503215BDEB400141F6E /* Products */;
			projectDirPath = "";
			projectRoot = "";
			targets = (
				C244D501215BDEB400141F6E /* Instagram */,
				C244D515215BDEB500141F6E /* InstagramTests */,
				C244D520215BDEB500141F6E /* InstagramUITests */,
			);
		};
/* End PBXProject section */

/* Begin PBXResourcesBuildPhase section */
		C244D500215BDEB400141F6E /* Resources */ = {
			isa = PBXResourcesBuildPhase;
			buildActionMask = 2147483647;
			files = (
				C244D510215BDEB500141F6E /* LaunchScreen.storyboard in Resources */,
				C244D50D215BDEB500141F6E /* Assets.xcassets in Resources */,
				C244D50B215BDEB400141F6E /* Main.storyboard in Resources */,
			);
			runOnlyForDeploymentPostprocessing = 0;
		};
		C244D514215BDEB500141F6E /* Resources */ = {
			isa = PBXResourcesBuildPhase;
			buildActionMask = 2147483647;
			files = (
			);
			runOnlyForDeploymentPostprocessing = 0;
		};
		C244D51F215BDEB500141F6E /* Resources */ = {
			isa = PBXResourcesBuildPhase;
			buildActionMask = 2147483647;
			files = (
			);
			runOnlyForDeploymentPostprocessing = 0;
		};
/* End PBXResourcesBuildPhase section */

/* Begin PBXShellScriptBuildPhase section */
		0BE3D43E50E4309DCED3D80C /* [CP] Check Pods Manifest.lock */ = {
			isa = PBXShellScriptBuildPhase;
			buildActionMask = 2147483647;
			files = (
			);
			inputPaths = (
				"${PODS_PODFILE_DIR_PATH}/Podfile.lock",
				"${PODS_ROOT}/Manifest.lock",
			);
			name = "[CP] Check Pods Manifest.lock";
			outputPaths = (
				"$(DERIVED_FILE_DIR)/Pods-Instagram-checkManifestLockResult.txt",
			);
			runOnlyForDeploymentPostprocessing = 0;
			shellPath = /bin/sh;
			shellScript = "diff \"${PODS_PODFILE_DIR_PATH}/Podfile.lock\" \"${PODS_ROOT}/Manifest.lock\" > /dev/null\nif [ $? != 0 ] ; then\n    # print error to STDERR\n    echo \"error: The sandbox is not in sync with the Podfile.lock. Run 'pod install' or update your CocoaPods installation.\" >&2\n    exit 1\nfi\n# This output is used by Xcode 'outputs' to avoid re-running this script phase.\necho \"SUCCESS\" > \"${SCRIPT_OUTPUT_FILE_0}\"\n";
			showEnvVarsInLog = 0;
		};
		1505AB067D8E9E38818A1615 /* [CP] Embed Pods Frameworks */ = {
			isa = PBXShellScriptBuildPhase;
			buildActionMask = 2147483647;
			files = (
			);
			inputPaths = (
				"${SRCROOT}/Pods/Target Support Files/Pods-Instagram-InstagramUITests/Pods-Instagram-InstagramUITests-frameworks.sh",
				"${BUILT_PRODUCTS_DIR}/Bolts/Bolts.framework",
				"${BUILT_PRODUCTS_DIR}/Parse/Parse.framework",
			);
			name = "[CP] Embed Pods Frameworks";
			outputPaths = (
				"${TARGET_BUILD_DIR}/${FRAMEWORKS_FOLDER_PATH}/Bolts.framework",
				"${TARGET_BUILD_DIR}/${FRAMEWORKS_FOLDER_PATH}/Parse.framework",
			);
			runOnlyForDeploymentPostprocessing = 0;
			shellPath = /bin/sh;
			shellScript = "\"${SRCROOT}/Pods/Target Support Files/Pods-Instagram-InstagramUITests/Pods-Instagram-InstagramUITests-frameworks.sh\"\n";
			showEnvVarsInLog = 0;
		};
		5CD39BB280596CB5FC9CEDAE /* [CP] Embed Pods Frameworks */ = {
			isa = PBXShellScriptBuildPhase;
			buildActionMask = 2147483647;
			files = (
			);
			inputPaths = (
				"${SRCROOT}/Pods/Target Support Files/Pods-Instagram/Pods-Instagram-frameworks.sh",
				"${BUILT_PRODUCTS_DIR}/Bolts/Bolts.framework",
				"${BUILT_PRODUCTS_DIR}/Parse/Parse.framework",
			);
			name = "[CP] Embed Pods Frameworks";
			outputPaths = (
				"${TARGET_BUILD_DIR}/${FRAMEWORKS_FOLDER_PATH}/Bolts.framework",
				"${TARGET_BUILD_DIR}/${FRAMEWORKS_FOLDER_PATH}/Parse.framework",
			);
			runOnlyForDeploymentPostprocessing = 0;
			shellPath = /bin/sh;
			shellScript = "\"${SRCROOT}/Pods/Target Support Files/Pods-Instagram/Pods-Instagram-frameworks.sh\"\n";
			showEnvVarsInLog = 0;
		};
		A954C492B4315F235DD7DBDF /* [CP] Embed Pods Frameworks */ = {
			isa = PBXShellScriptBuildPhase;
			buildActionMask = 2147483647;
			files = (
			);
			inputPaths = (
				"${SRCROOT}/Pods/Target Support Files/Pods-Instagram-InstagramTests/Pods-Instagram-InstagramTests-frameworks.sh",
				"${BUILT_PRODUCTS_DIR}/Bolts/Bolts.framework",
				"${BUILT_PRODUCTS_DIR}/Parse/Parse.framework",
			);
			name = "[CP] Embed Pods Frameworks";
			outputPaths = (
				"${TARGET_BUILD_DIR}/${FRAMEWORKS_FOLDER_PATH}/Bolts.framework",
				"${TARGET_BUILD_DIR}/${FRAMEWORKS_FOLDER_PATH}/Parse.framework",
			);
			runOnlyForDeploymentPostprocessing = 0;
			shellPath = /bin/sh;
			shellScript = "\"${SRCROOT}/Pods/Target Support Files/Pods-Instagram-InstagramTests/Pods-Instagram-InstagramTests-frameworks.sh\"\n";
			showEnvVarsInLog = 0;
		};
		D19D8DD502DBA2BB6EC521C0 /* [CP] Check Pods Manifest.lock */ = {
			isa = PBXShellScriptBuildPhase;
			buildActionMask = 2147483647;
			files = (
			);
			inputPaths = (
				"${PODS_PODFILE_DIR_PATH}/Podfile.lock",
				"${PODS_ROOT}/Manifest.lock",
			);
			name = "[CP] Check Pods Manifest.lock";
			outputPaths = (
				"$(DERIVED_FILE_DIR)/Pods-Instagram-InstagramUITests-checkManifestLockResult.txt",
			);
			runOnlyForDeploymentPostprocessing = 0;
			shellPath = /bin/sh;
			shellScript = "diff \"${PODS_PODFILE_DIR_PATH}/Podfile.lock\" \"${PODS_ROOT}/Manifest.lock\" > /dev/null\nif [ $? != 0 ] ; then\n    # print error to STDERR\n    echo \"error: The sandbox is not in sync with the Podfile.lock. Run 'pod install' or update your CocoaPods installation.\" >&2\n    exit 1\nfi\n# This output is used by Xcode 'outputs' to avoid re-running this script phase.\necho \"SUCCESS\" > \"${SCRIPT_OUTPUT_FILE_0}\"\n";
			showEnvVarsInLog = 0;
		};
		E64B272E5C42632E98BA66DB /* [CP] Check Pods Manifest.lock */ = {
			isa = PBXShellScriptBuildPhase;
			buildActionMask = 2147483647;
			files = (
			);
			inputPaths = (
				"${PODS_PODFILE_DIR_PATH}/Podfile.lock",
				"${PODS_ROOT}/Manifest.lock",
			);
			name = "[CP] Check Pods Manifest.lock";
			outputPaths = (
				"$(DERIVED_FILE_DIR)/Pods-Instagram-InstagramTests-checkManifestLockResult.txt",
			);
			runOnlyForDeploymentPostprocessing = 0;
			shellPath = /bin/sh;
			shellScript = "diff \"${PODS_PODFILE_DIR_PATH}/Podfile.lock\" \"${PODS_ROOT}/Manifest.lock\" > /dev/null\nif [ $? != 0 ] ; then\n    # print error to STDERR\n    echo \"error: The sandbox is not in sync with the Podfile.lock. Run 'pod install' or update your CocoaPods installation.\" >&2\n    exit 1\nfi\n# This output is used by Xcode 'outputs' to avoid re-running this script phase.\necho \"SUCCESS\" > \"${SCRIPT_OUTPUT_FILE_0}\"\n";
			showEnvVarsInLog = 0;
		};
/* End PBXShellScriptBuildPhase section */

/* Begin PBXSourcesBuildPhase section */
		C244D4FE215BDEB400141F6E /* Sources */ = {
			isa = PBXSourcesBuildPhase;
			buildActionMask = 2147483647;
			files = (
				C244D536215BEC1A00141F6E /* LoginViewController.swift in Sources */,
				C244D508215BDEB400141F6E /* ViewController.swift in Sources */,
				C2E84E8E21615EF80063BE73 /* FeedViewController.swift in Sources */,
				C244D506215BDEB400141F6E /* AppDelegate.swift in Sources */,
			);
			runOnlyForDeploymentPostprocessing = 0;
		};
		C244D512215BDEB500141F6E /* Sources */ = {
			isa = PBXSourcesBuildPhase;
			buildActionMask = 2147483647;
			files = (
				C244D51B215BDEB500141F6E /* InstagramTests.swift in Sources */,
			);
			runOnlyForDeploymentPostprocessing = 0;
		};
		C244D51D215BDEB500141F6E /* Sources */ = {
			isa = PBXSourcesBuildPhase;
			buildActionMask = 2147483647;
			files = (
				C244D526215BDEB500141F6E /* InstagramUITests.swift in Sources */,
			);
			runOnlyForDeploymentPostprocessing = 0;
		};
/* End PBXSourcesBuildPhase section */

/* Begin PBXTargetDependency section */
		C244D518215BDEB500141F6E /* PBXTargetDependency */ = {
			isa = PBXTargetDependency;
			target = C244D501215BDEB400141F6E /* Instagram */;
			targetProxy = C244D517215BDEB500141F6E /* PBXContainerItemProxy */;
		};
		C244D523215BDEB500141F6E /* PBXTargetDependency */ = {
			isa = PBXTargetDependency;
			target = C244D501215BDEB400141F6E /* Instagram */;
			targetProxy = C244D522215BDEB500141F6E /* PBXContainerItemProxy */;
		};
/* End PBXTargetDependency section */

/* Begin PBXVariantGroup section */
		C244D509215BDEB400141F6E /* Main.storyboard */ = {
			isa = PBXVariantGroup;
			children = (
				C244D50A215BDEB400141F6E /* Base */,
			);
			name = Main.storyboard;
			sourceTree = "<group>";
		};
		C244D50E215BDEB500141F6E /* LaunchScreen.storyboard */ = {
			isa = PBXVariantGroup;
			children = (
				C244D50F215BDEB500141F6E /* Base */,
			);
			name = LaunchScreen.storyboard;
			sourceTree = "<group>";
		};
/* End PBXVariantGroup section */

/* Begin XCBuildConfiguration section */
		C244D528215BDEB500141F6E /* Debug */ = {
			isa = XCBuildConfiguration;
			buildSettings = {
				ALWAYS_SEARCH_USER_PATHS = NO;
				CLANG_ANALYZER_NONNULL = YES;
				CLANG_ANALYZER_NUMBER_OBJECT_CONVERSION = YES_AGGRESSIVE;
				CLANG_CXX_LANGUAGE_STANDARD = "gnu++14";
				CLANG_CXX_LIBRARY = "libc++";
				CLANG_ENABLE_MODULES = YES;
				CLANG_ENABLE_OBJC_ARC = YES;
				CLANG_ENABLE_OBJC_WEAK = YES;
				CLANG_WARN_BLOCK_CAPTURE_AUTORELEASING = YES;
				CLANG_WARN_BOOL_CONVERSION = YES;
				CLANG_WARN_COMMA = YES;
				CLANG_WARN_CONSTANT_CONVERSION = YES;
				CLANG_WARN_DEPRECATED_OBJC_IMPLEMENTATIONS = YES;
				CLANG_WARN_DIRECT_OBJC_ISA_USAGE = YES_ERROR;
				CLANG_WARN_DOCUMENTATION_COMMENTS = YES;
				CLANG_WARN_EMPTY_BODY = YES;
				CLANG_WARN_ENUM_CONVERSION = YES;
				CLANG_WARN_INFINITE_RECURSION = YES;
				CLANG_WARN_INT_CONVERSION = YES;
				CLANG_WARN_NON_LITERAL_NULL_CONVERSION = YES;
				CLANG_WARN_OBJC_IMPLICIT_RETAIN_SELF = YES;
				CLANG_WARN_OBJC_LITERAL_CONVERSION = YES;
				CLANG_WARN_OBJC_ROOT_CLASS = YES_ERROR;
				CLANG_WARN_RANGE_LOOP_ANALYSIS = YES;
				CLANG_WARN_STRICT_PROTOTYPES = YES;
				CLANG_WARN_SUSPICIOUS_MOVE = YES;
				CLANG_WARN_UNGUARDED_AVAILABILITY = YES_AGGRESSIVE;
				CLANG_WARN_UNREACHABLE_CODE = YES;
				CLANG_WARN__DUPLICATE_METHOD_MATCH = YES;
				CODE_SIGN_IDENTITY = "iPhone Developer";
				COPY_PHASE_STRIP = NO;
				DEBUG_INFORMATION_FORMAT = dwarf;
				ENABLE_STRICT_OBJC_MSGSEND = YES;
				ENABLE_TESTABILITY = YES;
				GCC_C_LANGUAGE_STANDARD = gnu11;
				GCC_DYNAMIC_NO_PIC = NO;
				GCC_NO_COMMON_BLOCKS = YES;
				GCC_OPTIMIZATION_LEVEL = 0;
				GCC_PREPROCESSOR_DEFINITIONS = (
					"DEBUG=1",
					"$(inherited)",
				);
				GCC_WARN_64_TO_32_BIT_CONVERSION = YES;
				GCC_WARN_ABOUT_RETURN_TYPE = YES_ERROR;
				GCC_WARN_UNDECLARED_SELECTOR = YES;
				GCC_WARN_UNINITIALIZED_AUTOS = YES_AGGRESSIVE;
				GCC_WARN_UNUSED_FUNCTION = YES;
				GCC_WARN_UNUSED_VARIABLE = YES;
				IPHONEOS_DEPLOYMENT_TARGET = 11.4;
				MTL_ENABLE_DEBUG_INFO = YES;
				ONLY_ACTIVE_ARCH = YES;
				SDKROOT = iphoneos;
				SWIFT_ACTIVE_COMPILATION_CONDITIONS = DEBUG;
				SWIFT_OPTIMIZATION_LEVEL = "-Onone";
			};
			name = Debug;
		};
		C244D529215BDEB500141F6E /* Release */ = {
			isa = XCBuildConfiguration;
			buildSettings = {
				ALWAYS_SEARCH_USER_PATHS = NO;
				CLANG_ANALYZER_NONNULL = YES;
				CLANG_ANALYZER_NUMBER_OBJECT_CONVERSION = YES_AGGRESSIVE;
				CLANG_CXX_LANGUAGE_STANDARD = "gnu++14";
				CLANG_CXX_LIBRARY = "libc++";
				CLANG_ENABLE_MODULES = YES;
				CLANG_ENABLE_OBJC_ARC = YES;
				CLANG_ENABLE_OBJC_WEAK = YES;
				CLANG_WARN_BLOCK_CAPTURE_AUTORELEASING = YES;
				CLANG_WARN_BOOL_CONVERSION = YES;
				CLANG_WARN_COMMA = YES;
				CLANG_WARN_CONSTANT_CONVERSION = YES;
				CLANG_WARN_DEPRECATED_OBJC_IMPLEMENTATIONS = YES;
				CLANG_WARN_DIRECT_OBJC_ISA_USAGE = YES_ERROR;
				CLANG_WARN_DOCUMENTATION_COMMENTS = YES;
				CLANG_WARN_EMPTY_BODY = YES;
				CLANG_WARN_ENUM_CONVERSION = YES;
				CLANG_WARN_INFINITE_RECURSION = YES;
				CLANG_WARN_INT_CONVERSION = YES;
				CLANG_WARN_NON_LITERAL_NULL_CONVERSION = YES;
				CLANG_WARN_OBJC_IMPLICIT_RETAIN_SELF = YES;
				CLANG_WARN_OBJC_LITERAL_CONVERSION = YES;
				CLANG_WARN_OBJC_ROOT_CLASS = YES_ERROR;
				CLANG_WARN_RANGE_LOOP_ANALYSIS = YES;
				CLANG_WARN_STRICT_PROTOTYPES = YES;
				CLANG_WARN_SUSPICIOUS_MOVE = YES;
				CLANG_WARN_UNGUARDED_AVAILABILITY = YES_AGGRESSIVE;
				CLANG_WARN_UNREACHABLE_CODE = YES;
				CLANG_WARN__DUPLICATE_METHOD_MATCH = YES;
				CODE_SIGN_IDENTITY = "iPhone Developer";
				COPY_PHASE_STRIP = NO;
				DEBUG_INFORMATION_FORMAT = "dwarf-with-dsym";
				ENABLE_NS_ASSERTIONS = NO;
				ENABLE_STRICT_OBJC_MSGSEND = YES;
				GCC_C_LANGUAGE_STANDARD = gnu11;
				GCC_NO_COMMON_BLOCKS = YES;
				GCC_WARN_64_TO_32_BIT_CONVERSION = YES;
				GCC_WARN_ABOUT_RETURN_TYPE = YES_ERROR;
				GCC_WARN_UNDECLARED_SELECTOR = YES;
				GCC_WARN_UNINITIALIZED_AUTOS = YES_AGGRESSIVE;
				GCC_WARN_UNUSED_FUNCTION = YES;
				GCC_WARN_UNUSED_VARIABLE = YES;
				IPHONEOS_DEPLOYMENT_TARGET = 11.4;
				MTL_ENABLE_DEBUG_INFO = NO;
				SDKROOT = iphoneos;
				SWIFT_COMPILATION_MODE = wholemodule;
				SWIFT_OPTIMIZATION_LEVEL = "-O";
				VALIDATE_PRODUCT = YES;
			};
			name = Release;
		};
		C244D52B215BDEB500141F6E /* Debug */ = {
			isa = XCBuildConfiguration;
			baseConfigurationReference = 73E8C9342636AAC5C92598B7 /* Pods-Instagram.debug.xcconfig */;
			buildSettings = {
				ASSETCATALOG_COMPILER_APPICON_NAME = AppIcon;
				CODE_SIGN_STYLE = Automatic;
				INFOPLIST_FILE = Instagram/Info.plist;
				LD_RUNPATH_SEARCH_PATHS = (
					"$(inherited)",
					"@executable_path/Frameworks",
				);
				PRODUCT_BUNDLE_IDENTIFIER = codepath.Instagram;
				PRODUCT_NAME = "$(TARGET_NAME)";
				SWIFT_VERSION = 4.0;
				TARGETED_DEVICE_FAMILY = "1,2";
			};
			name = Debug;
		};
		C244D52C215BDEB500141F6E /* Release */ = {
			isa = XCBuildConfiguration;
			baseConfigurationReference = D1F365C4B83879ABC7E6F739 /* Pods-Instagram.release.xcconfig */;
			buildSettings = {
				ASSETCATALOG_COMPILER_APPICON_NAME = AppIcon;
				CODE_SIGN_STYLE = Automatic;
				INFOPLIST_FILE = Instagram/Info.plist;
				LD_RUNPATH_SEARCH_PATHS = (
					"$(inherited)",
					"@executable_path/Frameworks",
				);
				PRODUCT_BUNDLE_IDENTIFIER = codepath.Instagram;
				PRODUCT_NAME = "$(TARGET_NAME)";
				SWIFT_VERSION = 4.0;
				TARGETED_DEVICE_FAMILY = "1,2";
			};
			name = Release;
		};
		C244D52E215BDEB500141F6E /* Debug */ = {
			isa = XCBuildConfiguration;
			baseConfigurationReference = CC1EC540A4E27C44E2A5CC5E /* Pods-Instagram-InstagramTests.debug.xcconfig */;
			buildSettings = {
				ALWAYS_EMBED_SWIFT_STANDARD_LIBRARIES = YES;
				BUNDLE_LOADER = "$(TEST_HOST)";
				CODE_SIGN_STYLE = Automatic;
				INFOPLIST_FILE = InstagramTests/Info.plist;
				LD_RUNPATH_SEARCH_PATHS = (
					"$(inherited)",
					"@executable_path/Frameworks",
					"@loader_path/Frameworks",
				);
				PRODUCT_BUNDLE_IDENTIFIER = codepath.InstagramTests;
				PRODUCT_NAME = "$(TARGET_NAME)";
				SWIFT_VERSION = 4.0;
				TARGETED_DEVICE_FAMILY = "1,2";
				TEST_HOST = "$(BUILT_PRODUCTS_DIR)/Instagram.app/Instagram";
			};
			name = Debug;
		};
		C244D52F215BDEB500141F6E /* Release */ = {
			isa = XCBuildConfiguration;
			baseConfigurationReference = EE1C98DB1E2656B371A031B7 /* Pods-Instagram-InstagramTests.release.xcconfig */;
			buildSettings = {
				ALWAYS_EMBED_SWIFT_STANDARD_LIBRARIES = YES;
				BUNDLE_LOADER = "$(TEST_HOST)";
				CODE_SIGN_STYLE = Automatic;
				INFOPLIST_FILE = InstagramTests/Info.plist;
				LD_RUNPATH_SEARCH_PATHS = (
					"$(inherited)",
					"@executable_path/Frameworks",
					"@loader_path/Frameworks",
				);
				PRODUCT_BUNDLE_IDENTIFIER = codepath.InstagramTests;
				PRODUCT_NAME = "$(TARGET_NAME)";
				SWIFT_VERSION = 4.0;
				TARGETED_DEVICE_FAMILY = "1,2";
				TEST_HOST = "$(BUILT_PRODUCTS_DIR)/Instagram.app/Instagram";
			};
			name = Release;
		};
		C244D531215BDEB500141F6E /* Debug */ = {
			isa = XCBuildConfiguration;
			baseConfigurationReference = C399C90E6E179B571EDD93AF /* Pods-Instagram-InstagramUITests.debug.xcconfig */;
			buildSettings = {
				ALWAYS_EMBED_SWIFT_STANDARD_LIBRARIES = YES;
				CODE_SIGN_STYLE = Automatic;
				INFOPLIST_FILE = InstagramUITests/Info.plist;
				LD_RUNPATH_SEARCH_PATHS = (
					"$(inherited)",
					"@executable_path/Frameworks",
					"@loader_path/Frameworks",
				);
				PRODUCT_BUNDLE_IDENTIFIER = codepath.InstagramUITests;
				PRODUCT_NAME = "$(TARGET_NAME)";
				SWIFT_VERSION = 4.0;
				TARGETED_DEVICE_FAMILY = "1,2";
				TEST_TARGET_NAME = Instagram;
			};
			name = Debug;
		};
		C244D532215BDEB500141F6E /* Release */ = {
			isa = XCBuildConfiguration;
			baseConfigurationReference = 70F67379A8F225EBB6CDD7EC /* Pods-Instagram-InstagramUITests.release.xcconfig */;
			buildSettings = {
				ALWAYS_EMBED_SWIFT_STANDARD_LIBRARIES = YES;
				CODE_SIGN_STYLE = Automatic;
				INFOPLIST_FILE = InstagramUITests/Info.plist;
				LD_RUNPATH_SEARCH_PATHS = (
					"$(inherited)",
					"@executable_path/Frameworks",
					"@loader_path/Frameworks",
				);
				PRODUCT_BUNDLE_IDENTIFIER = codepath.InstagramUITests;
				PRODUCT_NAME = "$(TARGET_NAME)";
				SWIFT_VERSION = 4.0;
				TARGETED_DEVICE_FAMILY = "1,2";
				TEST_TARGET_NAME = Instagram;
			};
			name = Release;
		};
/* End XCBuildConfiguration section */

/* Begin XCConfigurationList section */
		C244D4FD215BDEB400141F6E /* Build configuration list for PBXProject "Instagram" */ = {
			isa = XCConfigurationList;
			buildConfigurations = (
				C244D528215BDEB500141F6E /* Debug */,
				C244D529215BDEB500141F6E /* Release */,
			);
			defaultConfigurationIsVisible = 0;
			defaultConfigurationName = Release;
		};
		C244D52A215BDEB500141F6E /* Build configuration list for PBXNativeTarget "Instagram" */ = {
			isa = XCConfigurationList;
			buildConfigurations = (
				C244D52B215BDEB500141F6E /* Debug */,
				C244D52C215BDEB500141F6E /* Release */,
			);
			defaultConfigurationIsVisible = 0;
			defaultConfigurationName = Release;
		};
		C244D52D215BDEB500141F6E /* Build configuration list for PBXNativeTarget "InstagramTests" */ = {
			isa = XCConfigurationList;
			buildConfigurations = (
				C244D52E215BDEB500141F6E /* Debug */,
				C244D52F215BDEB500141F6E /* Release */,
			);
			defaultConfigurationIsVisible = 0;
			defaultConfigurationName = Release;
		};
		C244D530215BDEB500141F6E /* Build configuration list for PBXNativeTarget "InstagramUITests" */ = {
			isa = XCConfigurationList;
			buildConfigurations = (
				C244D531215BDEB500141F6E /* Debug */,
				C244D532215BDEB500141F6E /* Release */,
			);
			defaultConfigurationIsVisible = 0;
			defaultConfigurationName = Release;
		};
/* End XCConfigurationList section */
	};
	rootObject = C244D4FA215BDEB400141F6E /* Project object */;
}
